
Microsoft Visual Studio Solution File, Format Version 12.00
# Visual Studio Version 17
VisualStudioVersion = 17.11.35327.3
MinimumVisualStudioVersion = 10.0.40219.1
Project("{FAE04EC0-301F-11D3-BF4B-00C04F79EFBC}") = "BreachExplorer", "BreachExplorer.csproj", "{FD687A23-E36A-4802-B8AE-692F71C82572}"
EndProject
Global
	GlobalSection(SolutionConfigurationPlatforms) = preSolution
		Debug|Any CPU = Debug|Any CPU
		Release|Any CPU = Release|Any CPU
	EndGlobalSection
	GlobalSection(ProjectConfigurationPlatforms) = postSolution
		{FD687A23-E36A-4802-B8AE-692F71C82572}.Debug|Any CPU.ActiveCfg = Debug|Any CPU
		{FD687A23-E36A-4802-B8AE-692F71C82572}.Debug|Any CPU.Build.0 = Debug|Any CPU
		{FD687A23-E36A-4802-B8AE-692F71C82572}.Release|Any CPU.ActiveCfg = Release|Any CPU
		{FD687A23-E36A-4802-B8AE-692F71C82572}.Release|Any CPU.Build.0 = Release|Any CPU
	EndGlobalSection
	GlobalSection(SolutionProperties) = preSolution
		HideSolutionNode = FALSE
	EndGlobalSection
	GlobalSection(ExtensibilityGlobals) = postSolution
		SolutionGuid = {06D969D8-E70B-4052-BCB4-1D98FB2F02AB}
	EndGlobalSection
EndGlobal
