
Microsoft Visual Studio Solution File, Format Version 12.00
# Visual Studio Version 17
VisualStudioVersion = 17.11.35327.3
MinimumVisualStudioVersion = 10.0.40219.1
Project("{FAE04EC0-301F-11D3-BF4B-00C04F79EFBC}") = "PasswordGenerator", "PasswordGenerator.csproj", "{185D0D64-B3BC-4E56-ABAA-EAFB35FC7A3B}"
EndProject
Global
	GlobalSection(SolutionConfigurationPlatforms) = preSolution
		Debug|Any CPU = Debug|Any CPU
		Release|Any CPU = Release|Any CPU
	EndGlobalSection
	GlobalSection(ProjectConfigurationPlatforms) = postSolution
		{185D0D64-B3BC-4E56-ABAA-EAFB35FC7A3B}.Debug|Any CPU.ActiveCfg = Debug|Any CPU
		{185D0D64-B3BC-4E56-ABAA-EAFB35FC7A3B}.Debug|Any CPU.Build.0 = Debug|Any CPU
		{185D0D64-B3BC-4E56-ABAA-EAFB35FC7A3B}.Release|Any CPU.ActiveCfg = Release|Any CPU
		{185D0D64-B3BC-4E56-ABAA-EAFB35FC7A3B}.Release|Any CPU.Build.0 = Release|Any CPU
	EndGlobalSection
	GlobalSection(SolutionProperties) = preSolution
		HideSolutionNode = FALSE
	EndGlobalSection
	GlobalSection(ExtensibilityGlobals) = postSolution
		SolutionGuid = {66F7C059-EDD3-46C7-B297-27CCF886034F}
	EndGlobalSection
EndGlobal
